
Microsoft Visual Studio Solution File, Format Version 12.00
# Visual Studio Version 17
VisualStudioVersion = 17.13.35931.197 d17.13
MinimumVisualStudioVersion = 10.0.40219.1
Project("{FAE04EC0-301F-11D3-BF4B-00C04F79EFBC}") = "lab17", "lab17.csproj", "{C6181F2A-9FE4-47AF-B323-622412B5C083}"
EndProject
Project("{FAE04EC0-301F-11D3-BF4B-00C04F79EFBC}") = "ChatClient", "..\ChatClient\ChatClient.csproj", "{3A767AF5-73CB-4C33-88DF-96A0FDA8F9BB}"
EndProject
Global
	GlobalSection(SolutionConfigurationPlatforms) = preSolution
		Debug|Any CPU = Debug|Any CPU
		Release|Any CPU = Release|Any CPU
	EndGlobalSection
	GlobalSection(ProjectConfigurationPlatforms) = postSolution
		{C6181F2A-9FE4-47AF-B323-622412B5C083}.Debug|Any CPU.ActiveCfg = Debug|Any CPU
		{C6181F2A-9FE4-47AF-B323-622412B5C083}.Debug|Any CPU.Build.0 = Debug|Any CPU
		{C6181F2A-9FE4-47AF-B323-622412B5C083}.Release|Any CPU.ActiveCfg = Release|Any CPU
		{C6181F2A-9FE4-47AF-B323-622412B5C083}.Release|Any CPU.Build.0 = Release|Any CPU
		{3A767AF5-73CB-4C33-88DF-96A0FDA8F9BB}.Debug|Any CPU.ActiveCfg = Debug|Any CPU
		{3A767AF5-73CB-4C33-88DF-96A0FDA8F9BB}.Debug|Any CPU.Build.0 = Debug|Any CPU
		{3A767AF5-73CB-4C33-88DF-96A0FDA8F9BB}.Release|Any CPU.ActiveCfg = Release|Any CPU
		{3A767AF5-73CB-4C33-88DF-96A0FDA8F9BB}.Release|Any CPU.Build.0 = Release|Any CPU
	EndGlobalSection
	GlobalSection(SolutionProperties) = preSolution
		HideSolutionNode = FALSE
	EndGlobalSection
	GlobalSection(ExtensibilityGlobals) = postSolution
		SolutionGuid = {54458A7E-26B4-40AF-8128-98B14BBB816B}
	EndGlobalSection
EndGlobal
