
Microsoft Visual Studio Solution File, Format Version 12.00
# Visual Studio Version 17
VisualStudioVersion = 17.13.35806.99 d17.13
MinimumVisualStudioVersion = 10.0.40219.1
Project("{FAE04EC0-301F-11D3-BF4B-00C04F79EFBC}") = "Lab7", "Lab7\Lab7.csproj", "{0FF4A725-2839-4415-9455-EE4CD72DAD2B}"
EndProject
Global
	GlobalSection(SolutionConfigurationPlatforms) = preSolution
		Debug|Any CPU = Debug|Any CPU
		Release|Any CPU = Release|Any CPU
	EndGlobalSection
	GlobalSection(ProjectConfigurationPlatforms) = postSolution
		{0FF4A725-2839-4415-9455-EE4CD72DAD2B}.Debug|Any CPU.ActiveCfg = Debug|Any CPU
		{0FF4A725-2839-4415-9455-EE4CD72DAD2B}.Debug|Any CPU.Build.0 = Debug|Any CPU
		{0FF4A725-2839-4415-9455-EE4CD72DAD2B}.Release|Any CPU.ActiveCfg = Release|Any CPU
		{0FF4A725-2839-4415-9455-EE4CD72DAD2B}.Release|Any CPU.Build.0 = Release|Any CPU
	EndGlobalSection
	GlobalSection(SolutionProperties) = preSolution
		HideSolutionNode = FALSE
	EndGlobalSection
	GlobalSection(ExtensibilityGlobals) = postSolution
		SolutionGuid = {2C76781F-2FFE-4419-882E-BBC84DA71E3B}
	EndGlobalSection
EndGlobal
